
Microsoft Visual Studio Solution File, Format Version 12.00
# Visual Studio 14
VisualStudioVersion = 14.0.23107.0
MinimumVisualStudioVersion = 10.0.40219.1
Project("{FAE04EC0-301F-11D3-BF4B-00C04F79EFBC}") = "Reference.Web", "Reference.Web\Reference.Web.csproj", "{C1729243-CB91-454B-8E66-B9E68E3E1E6F}"
EndProject
Project("{FAE04EC0-301F-11D3-BF4B-00C04F79EFBC}") = "Reference.Data", "Reference.Data\Reference.Data.csproj", "{47788CB0-0757-4366-9647-40EFBD4384E8}"
EndProject
Global
	GlobalSection(SolutionConfigurationPlatforms) = preSolution
		Debug|Any CPU = Debug|Any CPU
		Release|Any CPU = Release|Any CPU
	EndGlobalSection
	GlobalSection(ProjectConfigurationPlatforms) = postSolution
		{C1729243-CB91-454B-8E66-B9E68E3E1E6F}.Debug|Any CPU.ActiveCfg = Debug|Any CPU
		{C1729243-CB91-454B-8E66-B9E68E3E1E6F}.Debug|Any CPU.Build.0 = Debug|Any CPU
		{C1729243-CB91-454B-8E66-B9E68E3E1E6F}.Release|Any CPU.ActiveCfg = Release|Any CPU
		{C1729243-CB91-454B-8E66-B9E68E3E1E6F}.Release|Any CPU.Build.0 = Release|Any CPU
		{47788CB0-0757-4366-9647-40EFBD4384E8}.Debug|Any CPU.ActiveCfg = Debug|Any CPU
		{47788CB0-0757-4366-9647-40EFBD4384E8}.Debug|Any CPU.Build.0 = Debug|Any CPU
		{47788CB0-0757-4366-9647-40EFBD4384E8}.Release|Any CPU.ActiveCfg = Release|Any CPU
		{47788CB0-0757-4366-9647-40EFBD4384E8}.Release|Any CPU.Build.0 = Release|Any CPU
	EndGlobalSection
	GlobalSection(SolutionProperties) = preSolution
		HideSolutionNode = FALSE
	EndGlobalSection
EndGlobal
